
Microsoft Visual Studio Solution File, Format Version 12.00
# Visual Studio Version 17
VisualStudioVersion = 17.14.36518.9
MinimumVisualStudioVersion = 10.0.40219.1
Project("{FAE04EC0-301F-11D3-BF4B-00C04F79EFBC}") = "EdsMediaDateRestorer", "EdsMediaDateRestorer.csproj", "{4A71502A-9A15-D5C5-CBB4-12C74D3054F8}"
EndProject
Global
	GlobalSection(SolutionConfigurationPlatforms) = preSolution
		Debug|Any CPU = Debug|Any CPU
		Release|Any CPU = Release|Any CPU
	EndGlobalSection
	GlobalSection(ProjectConfigurationPlatforms) = postSolution
		{4A71502A-9A15-D5C5-CBB4-12C74D3054F8}.Debug|Any CPU.ActiveCfg = Debug|Any CPU
		{4A71502A-9A15-D5C5-CBB4-12C74D3054F8}.Debug|Any CPU.Build.0 = Debug|Any CPU
		{4A71502A-9A15-D5C5-CBB4-12C74D3054F8}.Release|Any CPU.ActiveCfg = Release|Any CPU
		{4A71502A-9A15-D5C5-CBB4-12C74D3054F8}.Release|Any CPU.Build.0 = Release|Any CPU
	EndGlobalSection
	GlobalSection(SolutionProperties) = preSolution
		HideSolutionNode = FALSE
	EndGlobalSection
	GlobalSection(ExtensibilityGlobals) = postSolution
		SolutionGuid = {E165CDA7-B6F9-4F70-B044-1F7718044262}
	EndGlobalSection
EndGlobal
